
Microsoft Visual Studio Solution File, Format Version 12.00
# Visual Studio Version 17
VisualStudioVersion = 17.4.33213.308
MinimumVisualStudioVersion = 10.0.40219.1
Project("{FAE04EC0-301F-11D3-BF4B-00C04F79EFBC}") = "Practica10", "Practica10\Practica10.csproj", "{2CD86992-1F29-456F-8A6D-5A51403E9C4E}"
EndProject
Global
	GlobalSection(SolutionConfigurationPlatforms) = preSolution
		Debug|Any CPU = Debug|Any CPU
		Release|Any CPU = Release|Any CPU
	EndGlobalSection
	GlobalSection(ProjectConfigurationPlatforms) = postSolution
		{2CD86992-1F29-456F-8A6D-5A51403E9C4E}.Debug|Any CPU.ActiveCfg = Debug|Any CPU
		{2CD86992-1F29-456F-8A6D-5A51403E9C4E}.Debug|Any CPU.Build.0 = Debug|Any CPU
		{2CD86992-1F29-456F-8A6D-5A51403E9C4E}.Release|Any CPU.ActiveCfg = Release|Any CPU
		{2CD86992-1F29-456F-8A6D-5A51403E9C4E}.Release|Any CPU.Build.0 = Release|Any CPU
	EndGlobalSection
	GlobalSection(SolutionProperties) = preSolution
		HideSolutionNode = FALSE
	EndGlobalSection
	GlobalSection(ExtensibilityGlobals) = postSolution
		SolutionGuid = {87B99D2E-50B4-4310-906C-8A6BC435148B}
	EndGlobalSection
EndGlobal
