
Microsoft Visual Studio Solution File, Format Version 12.00
# Visual Studio Version 17
VisualStudioVersion = 17.3.32901.215
MinimumVisualStudioVersion = 10.0.40219.1
Project("{FAE04EC0-301F-11D3-BF4B-00C04F79EFBC}") = "Practica6", "Practica6\Practica6.csproj", "{7273B643-F942-450D-827C-8037085B582B}"
EndProject
Global
	GlobalSection(SolutionConfigurationPlatforms) = preSolution
		Debug|Any CPU = Debug|Any CPU
		Release|Any CPU = Release|Any CPU
	EndGlobalSection
	GlobalSection(ProjectConfigurationPlatforms) = postSolution
		{7273B643-F942-450D-827C-8037085B582B}.Debug|Any CPU.ActiveCfg = Debug|Any CPU
		{7273B643-F942-450D-827C-8037085B582B}.Debug|Any CPU.Build.0 = Debug|Any CPU
		{7273B643-F942-450D-827C-8037085B582B}.Release|Any CPU.ActiveCfg = Release|Any CPU
		{7273B643-F942-450D-827C-8037085B582B}.Release|Any CPU.Build.0 = Release|Any CPU
	EndGlobalSection
	GlobalSection(SolutionProperties) = preSolution
		HideSolutionNode = FALSE
	EndGlobalSection
	GlobalSection(ExtensibilityGlobals) = postSolution
		SolutionGuid = {8B965C4A-29BB-4F96-A5E4-C5632D14717A}
	EndGlobalSection
EndGlobal
